
Microsoft Visual Studio Solution File, Format Version 12.00
# Visual Studio Version 17
VisualStudioVersion = 17.14.36518.9 d17.14
MinimumVisualStudioVersion = 10.0.40219.1
Project("{FAE04EC0-301F-11D3-BF4B-00C04F79EFBC}") = "kt11.2", "kt11.2\kt11.2.csproj", "{9E355760-346E-4C64-B5EE-E2F15DD3701A}"
EndProject
Global
	GlobalSection(SolutionConfigurationPlatforms) = preSolution
		Debug|Any CPU = Debug|Any CPU
		Release|Any CPU = Release|Any CPU
	EndGlobalSection
	GlobalSection(ProjectConfigurationPlatforms) = postSolution
		{9E355760-346E-4C64-B5EE-E2F15DD3701A}.Debug|Any CPU.ActiveCfg = Debug|Any CPU
		{9E355760-346E-4C64-B5EE-E2F15DD3701A}.Debug|Any CPU.Build.0 = Debug|Any CPU
		{9E355760-346E-4C64-B5EE-E2F15DD3701A}.Release|Any CPU.ActiveCfg = Release|Any CPU
		{9E355760-346E-4C64-B5EE-E2F15DD3701A}.Release|Any CPU.Build.0 = Release|Any CPU
	EndGlobalSection
	GlobalSection(SolutionProperties) = preSolution
		HideSolutionNode = FALSE
	EndGlobalSection
	GlobalSection(ExtensibilityGlobals) = postSolution
		SolutionGuid = {AE1126BC-55D4-4955-B658-A2939FA3CCA5}
	EndGlobalSection
EndGlobal
